
Microsoft Visual Studio Solution File, Format Version 12.00
# Visual Studio Version 16
VisualStudioVersion = 16.0.31313.79
MinimumVisualStudioVersion = 10.0.40219.1
Project("{FAE04EC0-301F-11D3-BF4B-00C04F79EFBC}") = "WebapiwithEFDemo", "WebapiwithEFDemo.csproj", "{A67CB632-0979-4245-92E9-092B617088A1}"
EndProject
Global
	GlobalSection(SolutionConfigurationPlatforms) = preSolution
		Debug|Any CPU = Debug|Any CPU
		Release|Any CPU = Release|Any CPU
	EndGlobalSection
	GlobalSection(ProjectConfigurationPlatforms) = postSolution
		{A67CB632-0979-4245-92E9-092B617088A1}.Debug|Any CPU.ActiveCfg = Debug|Any CPU
		{A67CB632-0979-4245-92E9-092B617088A1}.Debug|Any CPU.Build.0 = Debug|Any CPU
		{A67CB632-0979-4245-92E9-092B617088A1}.Release|Any CPU.ActiveCfg = Release|Any CPU
		{A67CB632-0979-4245-92E9-092B617088A1}.Release|Any CPU.Build.0 = Release|Any CPU
	EndGlobalSection
	GlobalSection(SolutionProperties) = preSolution
		HideSolutionNode = FALSE
	EndGlobalSection
	GlobalSection(ExtensibilityGlobals) = postSolution
		SolutionGuid = {BDC20925-C452-4366-AA5B-4F6CF174EFA0}
	EndGlobalSection
EndGlobal
